// !$*UTF8*$!
{
	archiveVersion = 1;
	classes = {
	};
	objectVersion = 46;
	objects = {

/* Begin PBXBuildFile section */
		241D28461B998750008EE6F9 /* main.m in Sources */ = {isa = PBXBuildFile; fileRef = 241D28451B998750008EE6F9 /* main.m */; };
		241D28491B998750008EE6F9 /* AppDelegate.m in Sources */ = {isa = PBXBuildFile; fileRef = 241D28481B998750008EE6F9 /* AppDelegate.m */; };
		241D284C1B998751008EE6F9 /* ViewController.m in Sources */ = {isa = PBXBuildFile; fileRef = 241D284B1B998751008EE6F9 /* ViewController.m */; };
		241D284F1B998751008EE6F9 /* Main.storyboard in Resources */ = {isa = PBXBuildFile; fileRef = 241D284D1B998751008EE6F9 /* Main.storyboard */; };
		241D28511B998751008EE6F9 /* Images.xcassets in Resources */ = {isa = PBXBuildFile; fileRef = 241D28501B998751008EE6F9 /* Images.xcassets */; };
		241D28541B998751008EE6F9 /* LaunchScreen.xib in Resources */ = {isa = PBXBuildFile; fileRef = 241D28521B998751008EE6F9 /* LaunchScreen.xib */; };
		241D28601B998751008EE6F9 /* RetiredLifeTests.m in Sources */ = {isa = PBXBuildFile; fileRef = 241D285F1B998751008EE6F9 /* RetiredLifeTests.m */; };
		241D287E1B999294008EE6F9 /* fontawesome-webfont.ttf in Resources */ = {isa = PBXBuildFile; fileRef = 241D286C1B999294008EE6F9 /* fontawesome-webfont.ttf */; };
		241D287F1B999294008EE6F9 /* FAImageView.m in Sources */ = {isa = PBXBuildFile; fileRef = 241D28701B999294008EE6F9 /* FAImageView.m */; };
		241D28801B999294008EE6F9 /* NSString+FontAwesome.m in Sources */ = {isa = PBXBuildFile; fileRef = 241D28721B999294008EE6F9 /* NSString+FontAwesome.m */; };
		241D28811B999294008EE6F9 /* README.md in Sources */ = {isa = PBXBuildFile; fileRef = 241D28731B999294008EE6F9 /* README.md */; };
		241D28821B999294008EE6F9 /* FontAwesome.ttf in Resources */ = {isa = PBXBuildFile; fileRef = 241D28751B999294008EE6F9 /* FontAwesome.ttf */; };
		241D28831B999294008EE6F9 /* UIFont+FontAwesome.m in Sources */ = {isa = PBXBuildFile; fileRef = 241D28771B999294008EE6F9 /* UIFont+FontAwesome.m */; };
		241D28841B999294008EE6F9 /* FontAwesome+iOS.podspec in Resources */ = {isa = PBXBuildFile; fileRef = 241D28781B999294008EE6F9 /* FontAwesome+iOS.podspec */; };
		241D28851B999294008EE6F9 /* fontawesome-webfont.ttf in Resources */ = {isa = PBXBuildFile; fileRef = 241D28791B999294008EE6F9 /* fontawesome-webfont.ttf */; };
		241D28861B999294008EE6F9 /* UIButton+PPiAwesome.m in Sources */ = {isa = PBXBuildFile; fileRef = 241D287B1B999294008EE6F9 /* UIButton+PPiAwesome.m */; };
		241D28871B999294008EE6F9 /* PPiFlatSegmentedControl.m in Sources */ = {isa = PBXBuildFile; fileRef = 241D287D1B999294008EE6F9 /* PPiFlatSegmentedControl.m */; };
		241D288D1B9997DA008EE6F9 /* AddEvaluationViewController.m in Sources */ = {isa = PBXBuildFile; fileRef = 241D288C1B9997DA008EE6F9 /* AddEvaluationViewController.m */; };
		241D28991B999BDE008EE6F9 /* SupplementaryModleViewController.m in Sources */ = {isa = PBXBuildFile; fileRef = 241D28981B999BDE008EE6F9 /* SupplementaryModleViewController.m */; };
		241D28A51B9A7B90008EE6F9 /* UIViewExt.m in Sources */ = {isa = PBXBuildFile; fileRef = 241D28A41B9A7B90008EE6F9 /* UIViewExt.m */; };
		249923631B9C7346000D762A /* IndexView.m in Sources */ = {isa = PBXBuildFile; fileRef = 249923621B9C7346000D762A /* IndexView.m */; };
		249923661B9C7483000D762A /* IDInfoViewController.m in Sources */ = {isa = PBXBuildFile; fileRef = 249923651B9C7483000D762A /* IDInfoViewController.m */; };
		249923691B9C7844000D762A /* CustomTitleView.m in Sources */ = {isa = PBXBuildFile; fileRef = 249923681B9C7844000D762A /* CustomTitleView.m */; };
		249923731B9C8344000D762A /* InfoTableView.m in Sources */ = {isa = PBXBuildFile; fileRef = 249923721B9C8344000D762A /* InfoTableView.m */; };
		2499237E1B9DC812000D762A /* PersonalViewController.m in Sources */ = {isa = PBXBuildFile; fileRef = 2499237D1B9DC812000D762A /* PersonalViewController.m */; };
		249923821B9DC8F8000D762A /* PersonalView.m in Sources */ = {isa = PBXBuildFile; fileRef = 249923811B9DC8F8000D762A /* PersonalView.m */; };
/* End PBXBuildFile section */

/* Begin PBXContainerItemProxy section */
		241D285A1B998751008EE6F9 /* PBXContainerItemProxy */ = {
			isa = PBXContainerItemProxy;
			containerPortal = 241D28381B998750008EE6F9 /* Project object */;
			proxyType = 1;
			remoteGlobalIDString = 241D283F1B998750008EE6F9;
			remoteInfo = RetiredLife;
		};
/* End PBXContainerItemProxy section */

/* Begin PBXFileReference section */
		241D28401B998750008EE6F9 /* RetiredLife.app */ = {isa = PBXFileReference; explicitFileType = wrapper.application; includeInIndex = 0; path = RetiredLife.app; sourceTree = BUILT_PRODUCTS_DIR; };
		241D28441B998750008EE6F9 /* Info.plist */ = {isa = PBXFileReference; lastKnownFileType = text.plist.xml; path = Info.plist; sourceTree = "<group>"; };
		241D28451B998750008EE6F9 /* main.m */ = {isa = PBXFileReference; lastKnownFileType = sourcecode.c.objc; path = main.m; sourceTree = "<group>"; };
		241D28471B998750008EE6F9 /* AppDelegate.h */ = {isa = PBXFileReference; lastKnownFileType = sourcecode.c.h; path = AppDelegate.h; sourceTree = "<group>"; };
		241D28481B998750008EE6F9 /* AppDelegate.m */ = {isa = PBXFileReference; lastKnownFileType = sourcecode.c.objc; path = AppDelegate.m; sourceTree = "<group>"; };
		241D284A1B998750008EE6F9 /* ViewController.h */ = {isa = PBXFileReference; lastKnownFileType = sourcecode.c.h; path = ViewController.h; sourceTree = "<group>"; };
		241D284B1B998751008EE6F9 /* ViewController.m */ = {isa = PBXFileReference; lastKnownFileType = sourcecode.c.objc; path = ViewController.m; sourceTree = "<group>"; };
		241D284E1B998751008EE6F9 /* Base */ = {isa = PBXFileReference; lastKnownFileType = file.storyboard; name = Base; path = Base.lproj/Main.storyboard; sourceTree = "<group>"; };
		241D28501B998751008EE6F9 /* Images.xcassets */ = {isa = PBXFileReference; lastKnownFileType = folder.assetcatalog; path = Images.xcassets; sourceTree = "<group>"; };
		241D28531B998751008EE6F9 /* Base */ = {isa = PBXFileReference; lastKnownFileType = file.xib; name = Base; path = Base.lproj/LaunchScreen.xib; sourceTree = "<group>"; };
		241D28591B998751008EE6F9 /* RetiredLifeTests.xctest */ = {isa = PBXFileReference; explicitFileType = wrapper.cfbundle; includeInIndex = 0; path = RetiredLifeTests.xctest; sourceTree = BUILT_PRODUCTS_DIR; };
		241D285E1B998751008EE6F9 /* Info.plist */ = {isa = PBXFileReference; lastKnownFileType = text.plist.xml; path = Info.plist; sourceTree = "<group>"; };
		241D285F1B998751008EE6F9 /* RetiredLifeTests.m */ = {isa = PBXFileReference; lastKnownFileType = sourcecode.c.objc; path = RetiredLifeTests.m; sourceTree = "<group>"; };
		241D28691B9990DE008EE6F9 /* PrefixHeader.pch */ = {isa = PBXFileReference; lastKnownFileType = sourcecode.c.h; path = PrefixHeader.pch; sourceTree = "<group>"; };
		241D286C1B999294008EE6F9 /* fontawesome-webfont.ttf */ = {isa = PBXFileReference; lastKnownFileType = file; path = "fontawesome-webfont.ttf"; sourceTree = "<group>"; };
		241D286F1B999294008EE6F9 /* FAImageView.h */ = {isa = PBXFileReference; fileEncoding = 4; lastKnownFileType = sourcecode.c.h; path = FAImageView.h; sourceTree = "<group>"; };
		241D28701B999294008EE6F9 /* FAImageView.m */ = {isa = PBXFileReference; fileEncoding = 4; lastKnownFileType = sourcecode.c.objc; path = FAImageView.m; sourceTree = "<group>"; };
		241D28711B999294008EE6F9 /* NSString+FontAwesome.h */ = {isa = PBXFileReference; fileEncoding = 4; lastKnownFileType = sourcecode.c.h; path = "NSString+FontAwesome.h"; sourceTree = "<group>"; };
		241D28721B999294008EE6F9 /* NSString+FontAwesome.m */ = {isa = PBXFileReference; fileEncoding = 4; lastKnownFileType = sourcecode.c.objc; path = "NSString+FontAwesome.m"; sourceTree = "<group>"; };
		241D28731B999294008EE6F9 /* README.md */ = {isa = PBXFileReference; fileEncoding = 4; lastKnownFileType = net.daringfireball.markdown; path = README.md; sourceTree = "<group>"; };
		241D28751B999294008EE6F9 /* FontAwesome.ttf */ = {isa = PBXFileReference; lastKnownFileType = file; path = FontAwesome.ttf; sourceTree = "<group>"; };
		241D28761B999294008EE6F9 /* UIFont+FontAwesome.h */ = {isa = PBXFileReference; fileEncoding = 4; lastKnownFileType = sourcecode.c.h; path = "UIFont+FontAwesome.h"; sourceTree = "<group>"; };
		241D28771B999294008EE6F9 /* UIFont+FontAwesome.m */ = {isa = PBXFileReference; fileEncoding = 4; lastKnownFileType = sourcecode.c.objc; path = "UIFont+FontAwesome.m"; sourceTree = "<group>"; };
		241D28781B999294008EE6F9 /* FontAwesome+iOS.podspec */ = {isa = PBXFileReference; fileEncoding = 4; lastKnownFileType = text; path = "FontAwesome+iOS.podspec"; sourceTree = "<group>"; };
		241D28791B999294008EE6F9 /* fontawesome-webfont.ttf */ = {isa = PBXFileReference; lastKnownFileType = file; path = "fontawesome-webfont.ttf"; sourceTree = "<group>"; };
		241D287A1B999294008EE6F9 /* UIButton+PPiAwesome.h */ = {isa = PBXFileReference; fileEncoding = 4; lastKnownFileType = sourcecode.c.h; path = "UIButton+PPiAwesome.h"; sourceTree = "<group>"; };
		241D287B1B999294008EE6F9 /* UIButton+PPiAwesome.m */ = {isa = PBXFileReference; fileEncoding = 4; lastKnownFileType = sourcecode.c.objc; path = "UIButton+PPiAwesome.m"; sourceTree = "<group>"; };
		241D287C1B999294008EE6F9 /* PPiFlatSegmentedControl.h */ = {isa = PBXFileReference; fileEncoding = 4; lastKnownFileType = sourcecode.c.h; path = PPiFlatSegmentedControl.h; sourceTree = "<group>"; };
		241D287D1B999294008EE6F9 /* PPiFlatSegmentedControl.m */ = {isa = PBXFileReference; fileEncoding = 4; lastKnownFileType = sourcecode.c.objc; path = PPiFlatSegmentedControl.m; sourceTree = "<group>"; };
		241D28891B999454008EE6F9 /* Retired-Define.h */ = {isa = PBXFileReference; fileEncoding = 4; lastKnownFileType = sourcecode.c.h; path = "Retired-Define.h"; sourceTree = "<group>"; };
		241D288B1B9997DA008EE6F9 /* AddEvaluationViewController.h */ = {isa = PBXFileReference; fileEncoding = 4; lastKnownFileType = sourcecode.c.h; path = AddEvaluationViewController.h; sourceTree = "<group>"; };
		241D288C1B9997DA008EE6F9 /* AddEvaluationViewController.m */ = {isa = PBXFileReference; fileEncoding = 4; lastKnownFileType = sourcecode.c.objc; path = AddEvaluationViewController.m; sourceTree = "<group>"; };
		241D28971B999BDE008EE6F9 /* SupplementaryModleViewController.h */ = {isa = PBXFileReference; fileEncoding = 4; lastKnownFileType = sourcecode.c.h; path = SupplementaryModleViewController.h; sourceTree = "<group>"; };
		241D28981B999BDE008EE6F9 /* SupplementaryModleViewController.m */ = {isa = PBXFileReference; fileEncoding = 4; lastKnownFileType = sourcecode.c.objc; path = SupplementaryModleViewController.m; sourceTree = "<group>"; };
		241D28A31B9A7B90008EE6F9 /* UIViewExt.h */ = {isa = PBXFileReference; fileEncoding = 4; lastKnownFileType = sourcecode.c.h; path = UIViewExt.h; sourceTree = "<group>"; };
		241D28A41B9A7B90008EE6F9 /* UIViewExt.m */ = {isa = PBXFileReference; fileEncoding = 4; lastKnownFileType = sourcecode.c.objc; path = UIViewExt.m; sourceTree = "<group>"; };
		249923611B9C7346000D762A /* IndexView.h */ = {isa = PBXFileReference; fileEncoding = 4; lastKnownFileType = sourcecode.c.h; path = IndexView.h; sourceTree = "<group>"; };
		249923621B9C7346000D762A /* IndexView.m */ = {isa = PBXFileReference; fileEncoding = 4; lastKnownFileType = sourcecode.c.objc; path = IndexView.m; sourceTree = "<group>"; };
		249923641B9C7483000D762A /* IDInfoViewController.h */ = {isa = PBXFileReference; fileEncoding = 4; lastKnownFileType = sourcecode.c.h; path = IDInfoViewController.h; sourceTree = "<group>"; };
		249923651B9C7483000D762A /* IDInfoViewController.m */ = {isa = PBXFileReference; fileEncoding = 4; lastKnownFileType = sourcecode.c.objc; path = IDInfoViewController.m; sourceTree = "<group>"; };
		249923671B9C7844000D762A /* CustomTitleView.h */ = {isa = PBXFileReference; fileEncoding = 4; lastKnownFileType = sourcecode.c.h; path = CustomTitleView.h; sourceTree = "<group>"; };
		249923681B9C7844000D762A /* CustomTitleView.m */ = {isa = PBXFileReference; fileEncoding = 4; lastKnownFileType = sourcecode.c.objc; path = CustomTitleView.m; sourceTree = "<group>"; };
		249923711B9C8344000D762A /* InfoTableView.h */ = {isa = PBXFileReference; fileEncoding = 4; lastKnownFileType = sourcecode.c.h; path = InfoTableView.h; sourceTree = "<group>"; };
		249923721B9C8344000D762A /* InfoTableView.m */ = {isa = PBXFileReference; fileEncoding = 4; lastKnownFileType = sourcecode.c.objc; path = InfoTableView.m; sourceTree = "<group>"; };
		2499237C1B9DC812000D762A /* PersonalViewController.h */ = {isa = PBXFileReference; fileEncoding = 4; lastKnownFileType = sourcecode.c.h; path = PersonalViewController.h; sourceTree = "<group>"; };
		2499237D1B9DC812000D762A /* PersonalViewController.m */ = {isa = PBXFileReference; fileEncoding = 4; lastKnownFileType = sourcecode.c.objc; path = PersonalViewController.m; sourceTree = "<group>"; };
		249923801B9DC8F8000D762A /* PersonalView.h */ = {isa = PBXFileReference; fileEncoding = 4; lastKnownFileType = sourcecode.c.h; path = PersonalView.h; sourceTree = "<group>"; };
		249923811B9DC8F8000D762A /* PersonalView.m */ = {isa = PBXFileReference; fileEncoding = 4; lastKnownFileType = sourcecode.c.objc; path = PersonalView.m; sourceTree = "<group>"; };
/* End PBXFileReference section */

/* Begin PBXFrameworksBuildPhase section */
		241D283D1B998750008EE6F9 /* Frameworks */ = {
			isa = PBXFrameworksBuildPhase;
			buildActionMask = 2147483647;
			files = (
			);
			runOnlyForDeploymentPostprocessing = 0;
		};
		241D28561B998751008EE6F9 /* Frameworks */ = {
			isa = PBXFrameworksBuildPhase;
			buildActionMask = 2147483647;
			files = (
			);
			runOnlyForDeploymentPostprocessing = 0;
		};
/* End PBXFrameworksBuildPhase section */

/* Begin PBXGroup section */
		241D28371B998750008EE6F9 = {
			isa = PBXGroup;
			children = (
				241D28421B998750008EE6F9 /* RetiredLife */,
				241D285C1B998751008EE6F9 /* RetiredLifeTests */,
				241D28411B998750008EE6F9 /* Products */,
			);
			sourceTree = "<group>";
		};
		241D28411B998750008EE6F9 /* Products */ = {
			isa = PBXGroup;
			children = (
				241D28401B998750008EE6F9 /* RetiredLife.app */,
				241D28591B998751008EE6F9 /* RetiredLifeTests.xctest */,
			);
			name = Products;
			sourceTree = "<group>";
		};
		241D28421B998750008EE6F9 /* RetiredLife */ = {
			isa = PBXGroup;
			children = (
				241D28471B998750008EE6F9 /* AppDelegate.h */,
				241D28481B998750008EE6F9 /* AppDelegate.m */,
				241D284A1B998750008EE6F9 /* ViewController.h */,
				241D284B1B998751008EE6F9 /* ViewController.m */,
				241D28A21B9A7B90008EE6F9 /* uitls */,
				241D286A1B999294008EE6F9 /* customView */,
				241D288A1B99974C008EE6F9 /* AddnewDemand */,
				241D28891B999454008EE6F9 /* Retired-Define.h */,
				241D284D1B998751008EE6F9 /* Main.storyboard */,
				241D28501B998751008EE6F9 /* Images.xcassets */,
				241D28521B998751008EE6F9 /* LaunchScreen.xib */,
				241D28431B998750008EE6F9 /* Supporting Files */,
			);
			path = RetiredLife;
			sourceTree = "<group>";
		};
		241D28431B998750008EE6F9 /* Supporting Files */ = {
			isa = PBXGroup;
			children = (
				241D28441B998750008EE6F9 /* Info.plist */,
				241D28691B9990DE008EE6F9 /* PrefixHeader.pch */,
				241D28451B998750008EE6F9 /* main.m */,
			);
			name = "Supporting Files";
			sourceTree = "<group>";
		};
		241D285C1B998751008EE6F9 /* RetiredLifeTests */ = {
			isa = PBXGroup;
			children = (
				241D285F1B998751008EE6F9 /* RetiredLifeTests.m */,
				241D285D1B998751008EE6F9 /* Supporting Files */,
			);
			path = RetiredLifeTests;
			sourceTree = "<group>";
		};
		241D285D1B998751008EE6F9 /* Supporting Files */ = {
			isa = PBXGroup;
			children = (
				241D285E1B998751008EE6F9 /* Info.plist */,
			);
			name = "Supporting Files";
			sourceTree = "<group>";
		};
		241D286A1B999294008EE6F9 /* customView */ = {
			isa = PBXGroup;
			children = (
				2499237F1B9DC8E9000D762A /* basicView */,
				2499235F1B9C7346000D762A /* evaluatView */,
				249923601B9C7346000D762A /* IndexView */,
				241D286B1B999294008EE6F9 /* SegmentControl */,
				249923671B9C7844000D762A /* CustomTitleView.h */,
				249923681B9C7844000D762A /* CustomTitleView.m */,
				249923711B9C8344000D762A /* InfoTableView.h */,
				249923721B9C8344000D762A /* InfoTableView.m */,
			);
			path = customView;
			sourceTree = "<group>";
		};
		241D286B1B999294008EE6F9 /* SegmentControl */ = {
			isa = PBXGroup;
			children = (
				241D286C1B999294008EE6F9 /* fontawesome-webfont.ttf */,
				241D286D1B999294008EE6F9 /* PPiAwesomeButton */,
				241D287C1B999294008EE6F9 /* PPiFlatSegmentedControl.h */,
				241D287D1B999294008EE6F9 /* PPiFlatSegmentedControl.m */,
			);
			path = SegmentControl;
			sourceTree = "<group>";
		};
		241D286D1B999294008EE6F9 /* PPiAwesomeButton */ = {
			isa = PBXGroup;
			children = (
				241D286E1B999294008EE6F9 /* FontAwesome */,
				241D28781B999294008EE6F9 /* FontAwesome+iOS.podspec */,
				241D28791B999294008EE6F9 /* fontawesome-webfont.ttf */,
				241D287A1B999294008EE6F9 /* UIButton+PPiAwesome.h */,
				241D287B1B999294008EE6F9 /* UIButton+PPiAwesome.m */,
			);
			path = PPiAwesomeButton;
			sourceTree = "<group>";
		};
		241D286E1B999294008EE6F9 /* FontAwesome */ = {
			isa = PBXGroup;
			children = (
				241D286F1B999294008EE6F9 /* FAImageView.h */,
				241D28701B999294008EE6F9 /* FAImageView.m */,
				241D28711B999294008EE6F9 /* NSString+FontAwesome.h */,
				241D28721B999294008EE6F9 /* NSString+FontAwesome.m */,
				241D28731B999294008EE6F9 /* README.md */,
				241D28741B999294008EE6F9 /* Resources */,
				241D28761B999294008EE6F9 /* UIFont+FontAwesome.h */,
				241D28771B999294008EE6F9 /* UIFont+FontAwesome.m */,
			);
			path = FontAwesome;
			sourceTree = "<group>";
		};
		241D28741B999294008EE6F9 /* Resources */ = {
			isa = PBXGroup;
			children = (
				241D28751B999294008EE6F9 /* FontAwesome.ttf */,
			);
			path = Resources;
			sourceTree = "<group>";
		};
		241D288A1B99974C008EE6F9 /* AddnewDemand */ = {
			isa = PBXGroup;
			children = (
				249923561B9C6745000D762A /* BasSicInfo */,
				249923591B9C6745000D762A /* EvaluatInfo */,
				241D288B1B9997DA008EE6F9 /* AddEvaluationViewController.h */,
				241D288C1B9997DA008EE6F9 /* AddEvaluationViewController.m */,
				241D28971B999BDE008EE6F9 /* SupplementaryModleViewController.h */,
				241D28981B999BDE008EE6F9 /* SupplementaryModleViewController.m */,
			);
			path = AddnewDemand;
			sourceTree = "<group>";
		};
		241D28A21B9A7B90008EE6F9 /* uitls */ = {
			isa = PBXGroup;
			children = (
				241D28A31B9A7B90008EE6F9 /* UIViewExt.h */,
				241D28A41B9A7B90008EE6F9 /* UIViewExt.m */,
			);
			path = uitls;
			sourceTree = "<group>";
		};
		249923561B9C6745000D762A /* BasSicInfo */ = {
			isa = PBXGroup;
			children = (
				2499237C1B9DC812000D762A /* PersonalViewController.h */,
				2499237D1B9DC812000D762A /* PersonalViewController.m */,
				249923641B9C7483000D762A /* IDInfoViewController.h */,
				249923651B9C7483000D762A /* IDInfoViewController.m */,
			);
			path = BasSicInfo;
			sourceTree = "<group>";
		};
		249923591B9C6745000D762A /* EvaluatInfo */ = {
			isa = PBXGroup;
			children = (
			);
			path = EvaluatInfo;
			sourceTree = "<group>";
		};
		2499235F1B9C7346000D762A /* evaluatView */ = {
			isa = PBXGroup;
			children = (
			);
			path = evaluatView;
			sourceTree = "<group>";
		};
		249923601B9C7346000D762A /* IndexView */ = {
			isa = PBXGroup;
			children = (
				249923611B9C7346000D762A /* IndexView.h */,
				249923621B9C7346000D762A /* IndexView.m */,
			);
			path = IndexView;
			sourceTree = "<group>";
		};
		2499237F1B9DC8E9000D762A /* basicView */ = {
			isa = PBXGroup;
			children = (
				249923801B9DC8F8000D762A /* PersonalView.h */,
				249923811B9DC8F8000D762A /* PersonalView.m */,
			);
			path = basicView;
			sourceTree = "<group>";
		};
/* End PBXGroup section */

/* Begin PBXNativeTarget section */
		241D283F1B998750008EE6F9 /* RetiredLife */ = {
			isa = PBXNativeTarget;
			buildConfigurationList = 241D28631B998751008EE6F9 /* Build configuration list for PBXNativeTarget "RetiredLife" */;
			buildPhases = (
				241D283C1B998750008EE6F9 /* Sources */,
				241D283D1B998750008EE6F9 /* Frameworks */,
				241D283E1B998750008EE6F9 /* Resources */,
			);
			buildRules = (
			);
			dependencies = (
			);
			name = RetiredLife;
			productName = RetiredLife;
			productReference = 241D28401B998750008EE6F9 /* RetiredLife.app */;
			productType = "com.apple.product-type.application";
		};
		241D28581B998751008EE6F9 /* RetiredLifeTests */ = {
			isa = PBXNativeTarget;
			buildConfigurationList = 241D28661B998751008EE6F9 /* Build configuration list for PBXNativeTarget "RetiredLifeTests" */;
			buildPhases = (
				241D28551B998751008EE6F9 /* Sources */,
				241D28561B998751008EE6F9 /* Frameworks */,
				241D28571B998751008EE6F9 /* Resources */,
			);
			buildRules = (
			);
			dependencies = (
				241D285B1B998751008EE6F9 /* PBXTargetDependency */,
			);
			name = RetiredLifeTests;
			productName = RetiredLifeTests;
			productReference = 241D28591B998751008EE6F9 /* RetiredLifeTests.xctest */;
			productType = "com.apple.product-type.bundle.unit-test";
		};
/* End PBXNativeTarget section */

/* Begin PBXProject section */
		241D28381B998750008EE6F9 /* Project object */ = {
			isa = PBXProject;
			attributes = {
				LastUpgradeCheck = 0640;
				ORGANIZATIONNAME = Water;
				TargetAttributes = {
					241D283F1B998750008EE6F9 = {
						CreatedOnToolsVersion = 6.4;
						DevelopmentTeam = PSU3GG5CKU;
					};
					241D28581B998751008EE6F9 = {
						CreatedOnToolsVersion = 6.4;
						TestTargetID = 241D283F1B998750008EE6F9;
					};
				};
			};
			buildConfigurationList = 241D283B1B998750008EE6F9 /* Build configuration list for PBXProject "RetiredLife" */;
			compatibilityVersion = "Xcode 3.2";
			developmentRegion = English;
			hasScannedForEncodings = 0;
			knownRegions = (
				en,
				Base,
			);
			mainGroup = 241D28371B998750008EE6F9;
			productRefGroup = 241D28411B998750008EE6F9 /* Products */;
			projectDirPath = "";
			projectRoot = "";
			targets = (
				241D283F1B998750008EE6F9 /* RetiredLife */,
				241D28581B998751008EE6F9 /* RetiredLifeTests */,
			);
		};
/* End PBXProject section */

/* Begin PBXResourcesBuildPhase section */
		241D283E1B998750008EE6F9 /* Resources */ = {
			isa = PBXResourcesBuildPhase;
			buildActionMask = 2147483647;
			files = (
				241D284F1B998751008EE6F9 /* Main.storyboard in Resources */,
				241D28841B999294008EE6F9 /* FontAwesome+iOS.podspec in Resources */,
				241D28851B999294008EE6F9 /* fontawesome-webfont.ttf in Resources */,
				241D28821B999294008EE6F9 /* FontAwesome.ttf in Resources */,
				241D287E1B999294008EE6F9 /* fontawesome-webfont.ttf in Resources */,
				241D28541B998751008EE6F9 /* LaunchScreen.xib in Resources */,
				241D28511B998751008EE6F9 /* Images.xcassets in Resources */,
			);
			runOnlyForDeploymentPostprocessing = 0;
		};
		241D28571B998751008EE6F9 /* Resources */ = {
			isa = PBXResourcesBuildPhase;
			buildActionMask = 2147483647;
			files = (
			);
			runOnlyForDeploymentPostprocessing = 0;
		};
/* End PBXResourcesBuildPhase section */

/* Begin PBXSourcesBuildPhase section */
		241D283C1B998750008EE6F9 /* Sources */ = {
			isa = PBXSourcesBuildPhase;
			buildActionMask = 2147483647;
			files = (
				249923691B9C7844000D762A /* CustomTitleView.m in Sources */,
				241D28A51B9A7B90008EE6F9 /* UIViewExt.m in Sources */,
				241D288D1B9997DA008EE6F9 /* AddEvaluationViewController.m in Sources */,
				241D28811B999294008EE6F9 /* README.md in Sources */,
				249923661B9C7483000D762A /* IDInfoViewController.m in Sources */,
				241D28801B999294008EE6F9 /* NSString+FontAwesome.m in Sources */,
				241D28991B999BDE008EE6F9 /* SupplementaryModleViewController.m in Sources */,
				241D284C1B998751008EE6F9 /* ViewController.m in Sources */,
				249923731B9C8344000D762A /* InfoTableView.m in Sources */,
				241D287F1B999294008EE6F9 /* FAImageView.m in Sources */,
				249923631B9C7346000D762A /* IndexView.m in Sources */,
				241D28831B999294008EE6F9 /* UIFont+FontAwesome.m in Sources */,
				241D28491B998750008EE6F9 /* AppDelegate.m in Sources */,
				241D28461B998750008EE6F9 /* main.m in Sources */,
				249923821B9DC8F8000D762A /* PersonalView.m in Sources */,
				2499237E1B9DC812000D762A /* PersonalViewController.m in Sources */,
				241D28871B999294008EE6F9 /* PPiFlatSegmentedControl.m in Sources */,
				241D28861B999294008EE6F9 /* UIButton+PPiAwesome.m in Sources */,
			);
			runOnlyForDeploymentPostprocessing = 0;
		};
		241D28551B998751008EE6F9 /* Sources */ = {
			isa = PBXSourcesBuildPhase;
			buildActionMask = 2147483647;
			files = (
				241D28601B998751008EE6F9 /* RetiredLifeTests.m in Sources */,
			);
			runOnlyForDeploymentPostprocessing = 0;
		};
/* End PBXSourcesBuildPhase section */

/* Begin PBXTargetDependency section */
		241D285B1B998751008EE6F9 /* PBXTargetDependency */ = {
			isa = PBXTargetDependency;
			target = 241D283F1B998750008EE6F9 /* RetiredLife */;
			targetProxy = 241D285A1B998751008EE6F9 /* PBXContainerItemProxy */;
		};
/* End PBXTargetDependency section */

/* Begin PBXVariantGroup section */
		241D284D1B998751008EE6F9 /* Main.storyboard */ = {
			isa = PBXVariantGroup;
			children = (
				241D284E1B998751008EE6F9 /* Base */,
			);
			name = Main.storyboard;
			sourceTree = "<group>";
		};
		241D28521B998751008EE6F9 /* LaunchScreen.xib */ = {
			isa = PBXVariantGroup;
			children = (
				241D28531B998751008EE6F9 /* Base */,
			);
			name = LaunchScreen.xib;
			sourceTree = "<group>";
		};
/* End PBXVariantGroup section */

/* Begin XCBuildConfiguration section */
		241D28611B998751008EE6F9 /* Debug */ = {
			isa = XCBuildConfiguration;
			buildSettings = {
				ALWAYS_SEARCH_USER_PATHS = NO;
				CLANG_CXX_LANGUAGE_STANDARD = "gnu++0x";
				CLANG_CXX_LIBRARY = "libc++";
				CLANG_ENABLE_MODULES = YES;
				CLANG_ENABLE_OBJC_ARC = YES;
				CLANG_WARN_BOOL_CONVERSION = YES;
				CLANG_WARN_CONSTANT_CONVERSION = YES;
				CLANG_WARN_DIRECT_OBJC_ISA_USAGE = YES_ERROR;
				CLANG_WARN_EMPTY_BODY = YES;
				CLANG_WARN_ENUM_CONVERSION = YES;
				CLANG_WARN_INT_CONVERSION = YES;
				CLANG_WARN_OBJC_ROOT_CLASS = YES_ERROR;
				CLANG_WARN_UNREACHABLE_CODE = YES;
				CLANG_WARN__DUPLICATE_METHOD_MATCH = YES;
				CODE_SIGN_IDENTITY = "iPhone Distribution: Trustmobi Software(Beijing) Co., Ltd.";
				"CODE_SIGN_IDENTITY[sdk=iphoneos*]" = "iPhone Distribution: Trustmobi Software(Beijing) Co., Ltd.";
				COPY_PHASE_STRIP = NO;
				DEBUG_INFORMATION_FORMAT = "dwarf-with-dsym";
				ENABLE_STRICT_OBJC_MSGSEND = YES;
				GCC_C_LANGUAGE_STANDARD = gnu99;
				GCC_DYNAMIC_NO_PIC = NO;
				GCC_NO_COMMON_BLOCKS = YES;
				GCC_OPTIMIZATION_LEVEL = 0;
				GCC_PREPROCESSOR_DEFINITIONS = (
					"DEBUG=1",
					"$(inherited)",
				);
				GCC_SYMBOLS_PRIVATE_EXTERN = NO;
				GCC_WARN_64_TO_32_BIT_CONVERSION = YES;
				GCC_WARN_ABOUT_RETURN_TYPE = YES_ERROR;
				GCC_WARN_UNDECLARED_SELECTOR = YES;
				GCC_WARN_UNINITIALIZED_AUTOS = YES_AGGRESSIVE;
				GCC_WARN_UNUSED_FUNCTION = YES;
				GCC_WARN_UNUSED_VARIABLE = YES;
				IPHONEOS_DEPLOYMENT_TARGET = 8.4;
				MTL_ENABLE_DEBUG_INFO = YES;
				ONLY_ACTIVE_ARCH = YES;
				PROVISIONING_PROFILE = "e9ac1e26-dcca-40a8-bb5b-eb5fbe6a4f1f";
				SDKROOT = iphoneos;
			};
			name = Debug;
		};
		241D28621B998751008EE6F9 /* Release */ = {
			isa = XCBuildConfiguration;
			buildSettings = {
				ALWAYS_SEARCH_USER_PATHS = NO;
				CLANG_CXX_LANGUAGE_STANDARD = "gnu++0x";
				CLANG_CXX_LIBRARY = "libc++";
				CLANG_ENABLE_MODULES = YES;
				CLANG_ENABLE_OBJC_ARC = YES;
				CLANG_WARN_BOOL_CONVERSION = YES;
				CLANG_WARN_CONSTANT_CONVERSION = YES;
				CLANG_WARN_DIRECT_OBJC_ISA_USAGE = YES_ERROR;
				CLANG_WARN_EMPTY_BODY = YES;
				CLANG_WARN_ENUM_CONVERSION = YES;
				CLANG_WARN_INT_CONVERSION = YES;
				CLANG_WARN_OBJC_ROOT_CLASS = YES_ERROR;
				CLANG_WARN_UNREACHABLE_CODE = YES;
				CLANG_WARN__DUPLICATE_METHOD_MATCH = YES;
				CODE_SIGN_IDENTITY = "iPhone Distribution: Trustmobi Software(Beijing) Co., Ltd.";
				"CODE_SIGN_IDENTITY[sdk=iphoneos*]" = "iPhone Distribution: Trustmobi Software(Beijing) Co., Ltd.";
				COPY_PHASE_STRIP = NO;
				DEBUG_INFORMATION_FORMAT = "dwarf-with-dsym";
				ENABLE_NS_ASSERTIONS = NO;
				ENABLE_STRICT_OBJC_MSGSEND = YES;
				GCC_C_LANGUAGE_STANDARD = gnu99;
				GCC_NO_COMMON_BLOCKS = YES;
				GCC_WARN_64_TO_32_BIT_CONVERSION = YES;
				GCC_WARN_ABOUT_RETURN_TYPE = YES_ERROR;
				GCC_WARN_UNDECLARED_SELECTOR = YES;
				GCC_WARN_UNINITIALIZED_AUTOS = YES_AGGRESSIVE;
				GCC_WARN_UNUSED_FUNCTION = YES;
				GCC_WARN_UNUSED_VARIABLE = YES;
				IPHONEOS_DEPLOYMENT_TARGET = 8.4;
				MTL_ENABLE_DEBUG_INFO = NO;
				PROVISIONING_PROFILE = "e9ac1e26-dcca-40a8-bb5b-eb5fbe6a4f1f";
				SDKROOT = iphoneos;
				VALIDATE_PRODUCT = YES;
			};
			name = Release;
		};
		241D28641B998751008EE6F9 /* Debug */ = {
			isa = XCBuildConfiguration;
			buildSettings = {
				ASSETCATALOG_COMPILER_APPICON_NAME = AppIcon;
				CODE_SIGN_IDENTITY = "iPhone Distribution: Trustmobi Software(Beijing) Co., Ltd.";
				INFOPLIST_FILE = RetiredLife/Info.plist;
				LD_RUNPATH_SEARCH_PATHS = "$(inherited) @executable_path/Frameworks";
				PRODUCT_NAME = "$(TARGET_NAME)";
				PROVISIONING_PROFILE = "e9ac1e26-dcca-40a8-bb5b-eb5fbe6a4f1f";
			};
			name = Debug;
		};
		241D28651B998751008EE6F9 /* Release */ = {
			isa = XCBuildConfiguration;
			buildSettings = {
				ASSETCATALOG_COMPILER_APPICON_NAME = AppIcon;
				CODE_SIGN_IDENTITY = "iPhone Distribution: Trustmobi Software(Beijing) Co., Ltd.";
				INFOPLIST_FILE = RetiredLife/Info.plist;
				LD_RUNPATH_SEARCH_PATHS = "$(inherited) @executable_path/Frameworks";
				PRODUCT_NAME = "$(TARGET_NAME)";
				PROVISIONING_PROFILE = "e9ac1e26-dcca-40a8-bb5b-eb5fbe6a4f1f";
			};
			name = Release;
		};
		241D28671B998751008EE6F9 /* Debug */ = {
			isa = XCBuildConfiguration;
			buildSettings = {
				BUNDLE_LOADER = "$(TEST_HOST)";
				FRAMEWORK_SEARCH_PATHS = (
					"$(SDKROOT)/Developer/Library/Frameworks",
					"$(inherited)",
				);
				GCC_PREPROCESSOR_DEFINITIONS = (
					"DEBUG=1",
					"$(inherited)",
				);
				INFOPLIST_FILE = RetiredLifeTests/Info.plist;
				LD_RUNPATH_SEARCH_PATHS = "$(inherited) @executable_path/Frameworks @loader_path/Frameworks";
				PRODUCT_NAME = "$(TARGET_NAME)";
				TEST_HOST = "$(BUILT_PRODUCTS_DIR)/RetiredLife.app/RetiredLife";
			};
			name = Debug;
		};
		241D28681B998751008EE6F9 /* Release */ = {
			isa = XCBuildConfiguration;
			buildSettings = {
				BUNDLE_LOADER = "$(TEST_HOST)";
				FRAMEWORK_SEARCH_PATHS = (
					"$(SDKROOT)/Developer/Library/Frameworks",
					"$(inherited)",
				);
				INFOPLIST_FILE = RetiredLifeTests/Info.plist;
				LD_RUNPATH_SEARCH_PATHS = "$(inherited) @executable_path/Frameworks @loader_path/Frameworks";
				PRODUCT_NAME = "$(TARGET_NAME)";
				TEST_HOST = "$(BUILT_PRODUCTS_DIR)/RetiredLife.app/RetiredLife";
			};
			name = Release;
		};
/* End XCBuildConfiguration section */

/* Begin XCConfigurationList section */
		241D283B1B998750008EE6F9 /* Build configuration list for PBXProject "RetiredLife" */ = {
			isa = XCConfigurationList;
			buildConfigurations = (
				241D28611B998751008EE6F9 /* Debug */,
				241D28621B998751008EE6F9 /* Release */,
			);
			defaultConfigurationIsVisible = 0;
			defaultConfigurationName = Release;
		};
		241D28631B998751008EE6F9 /* Build configuration list for PBXNativeTarget "RetiredLife" */ = {
			isa = XCConfigurationList;
			buildConfigurations = (
				241D28641B998751008EE6F9 /* Debug */,
				241D28651B998751008EE6F9 /* Release */,
			);
			defaultConfigurationIsVisible = 0;
			defaultConfigurationName = Release;
		};
		241D28661B998751008EE6F9 /* Build configuration list for PBXNativeTarget "RetiredLifeTests" */ = {
			isa = XCConfigurationList;
			buildConfigurations = (
				241D28671B998751008EE6F9 /* Debug */,
				241D28681B998751008EE6F9 /* Release */,
			);
			defaultConfigurationIsVisible = 0;
			defaultConfigurationName = Release;
		};
/* End XCConfigurationList section */
	};
	rootObject = 241D28381B998750008EE6F9 /* Project object */;
}
